// !$*UTF8*$!
{
	archiveVersion = 1;
	classes = {
	};
	objectVersion = 46;
	objects = {

/* Begin PBXBuildFile section */
		4B7914501CD1DE1A0088B90A /* DataManager.m in Sources */ = {isa = PBXBuildFile; fileRef = 4B7914401CD1DE1A0088B90A /* DataManager.m */; };
		4B7914511CD1DE1A0088B90A /* FMDatabase.m in Sources */ = {isa = PBXBuildFile; fileRef = 4B7914431CD1DE1A0088B90A /* FMDatabase.m */; };
		4B7914521CD1DE1A0088B90A /* FMDatabaseAdditions.m in Sources */ = {isa = PBXBuildFile; fileRef = 4B7914451CD1DE1A0088B90A /* FMDatabaseAdditions.m */; };
		4B7914531CD1DE1A0088B90A /* FMDatabasePool.m in Sources */ = {isa = PBXBuildFile; fileRef = 4B7914471CD1DE1A0088B90A /* FMDatabasePool.m */; };
		4B7914541CD1DE1A0088B90A /* FMDatabaseQueue.m in Sources */ = {isa = PBXBuildFile; fileRef = 4B7914491CD1DE1A0088B90A /* FMDatabaseQueue.m */; };
		4B7914551CD1DE1A0088B90A /* FMResultSet.m in Sources */ = {isa = PBXBuildFile; fileRef = 4B79144C1CD1DE1A0088B90A /* FMResultSet.m */; };
		4B7914561CD1DE1A0088B90A /* Info.plist in Resources */ = {isa = PBXBuildFile; fileRef = 4B79144D1CD1DE1A0088B90A /* Info.plist */; };
		4B7914571CD1DE1A0088B90A /* WZXModel.m in Sources */ = {isa = PBXBuildFile; fileRef = 4B79144F1CD1DE1A0088B90A /* WZXModel.m */; };
		4B999D551CD08CDA00B51836 /* PersonModel.m in Sources */ = {isa = PBXBuildFile; fileRef = 4B999D541CD08CDA00B51836 /* PersonModel.m */; };
		4B999D571CD08D3400B51836 /* libsqlite3.tbd in Frameworks */ = {isa = PBXBuildFile; fileRef = 4B999D561CD08D3400B51836 /* libsqlite3.tbd */; };
		4BF696C51CD065C800531F10 /* main.m in Sources */ = {isa = PBXBuildFile; fileRef = 4BF696C41CD065C800531F10 /* main.m */; };
		4BF696C81CD065C800531F10 /* AppDelegate.m in Sources */ = {isa = PBXBuildFile; fileRef = 4BF696C71CD065C800531F10 /* AppDelegate.m */; };
		4BF696CB1CD065C800531F10 /* ViewController.m in Sources */ = {isa = PBXBuildFile; fileRef = 4BF696CA1CD065C800531F10 /* ViewController.m */; };
		4BF696CE1CD065C800531F10 /* Main.storyboard in Resources */ = {isa = PBXBuildFile; fileRef = 4BF696CC1CD065C800531F10 /* Main.storyboard */; };
		4BF696D01CD065C800531F10 /* Assets.xcassets in Resources */ = {isa = PBXBuildFile; fileRef = 4BF696CF1CD065C800531F10 /* Assets.xcassets */; };
		4BF696D31CD065C800531F10 /* LaunchScreen.storyboard in Resources */ = {isa = PBXBuildFile; fileRef = 4BF696D11CD065C800531F10 /* LaunchScreen.storyboard */; };
		4BF696DE1CD065C800531F10 /* DataManagerTests.m in Sources */ = {isa = PBXBuildFile; fileRef = 4BF696DD1CD065C800531F10 /* DataManagerTests.m */; };
		4BF696E91CD065C800531F10 /* DataManagerUITests.m in Sources */ = {isa = PBXBuildFile; fileRef = 4BF696E81CD065C800531F10 /* DataManagerUITests.m */; };
/* End PBXBuildFile section */

/* Begin PBXContainerItemProxy section */
		4BF696DA1CD065C800531F10 /* PBXContainerItemProxy */ = {
			isa = PBXContainerItemProxy;
			containerPortal = 4BF696B81CD065C800531F10 /* Project object */;
			proxyType = 1;
			remoteGlobalIDString = 4BF696BF1CD065C800531F10;
			remoteInfo = DataManager;
		};
		4BF696E51CD065C800531F10 /* PBXContainerItemProxy */ = {
			isa = PBXContainerItemProxy;
			containerPortal = 4BF696B81CD065C800531F10 /* Project object */;
			proxyType = 1;
			remoteGlobalIDString = 4BF696BF1CD065C800531F10;
			remoteInfo = DataManager;
		};
/* End PBXContainerItemProxy section */

/* Begin PBXFileReference section */
		4B79143F1CD1DE1A0088B90A /* DataManager.h */ = {isa = PBXFileReference; fileEncoding = 4; lastKnownFileType = sourcecode.c.h; path = DataManager.h; sourceTree = "<group>"; };
		4B7914401CD1DE1A0088B90A /* DataManager.m */ = {isa = PBXFileReference; fileEncoding = 4; lastKnownFileType = sourcecode.c.objc; path = DataManager.m; sourceTree = "<group>"; };
		4B7914421CD1DE1A0088B90A /* FMDatabase.h */ = {isa = PBXFileReference; fileEncoding = 4; lastKnownFileType = sourcecode.c.h; path = FMDatabase.h; sourceTree = "<group>"; };
		4B7914431CD1DE1A0088B90A /* FMDatabase.m */ = {isa = PBXFileReference; fileEncoding = 4; lastKnownFileType = sourcecode.c.objc; path = FMDatabase.m; sourceTree = "<group>"; };
		4B7914441CD1DE1A0088B90A /* FMDatabaseAdditions.h */ = {isa = PBXFileReference; fileEncoding = 4; lastKnownFileType = sourcecode.c.h; path = FMDatabaseAdditions.h; sourceTree = "<group>"; };
		4B7914451CD1DE1A0088B90A /* FMDatabaseAdditions.m */ = {isa = PBXFileReference; fileEncoding = 4; lastKnownFileType = sourcecode.c.objc; path = FMDatabaseAdditions.m; sourceTree = "<group>"; };
		4B7914461CD1DE1A0088B90A /* FMDatabasePool.h */ = {isa = PBXFileReference; fileEncoding = 4; lastKnownFileType = sourcecode.c.h; path = FMDatabasePool.h; sourceTree = "<group>"; };
		4B7914471CD1DE1A0088B90A /* FMDatabasePool.m */ = {isa = PBXFileReference; fileEncoding = 4; lastKnownFileType = sourcecode.c.objc; path = FMDatabasePool.m; sourceTree = "<group>"; };
		4B7914481CD1DE1A0088B90A /* FMDatabaseQueue.h */ = {isa = PBXFileReference; fileEncoding = 4; lastKnownFileType = sourcecode.c.h; path = FMDatabaseQueue.h; sourceTree = "<group>"; };
		4B7914491CD1DE1A0088B90A /* FMDatabaseQueue.m */ = {isa = PBXFileReference; fileEncoding = 4; lastKnownFileType = sourcecode.c.objc; path = FMDatabaseQueue.m; sourceTree = "<group>"; };
		4B79144A1CD1DE1A0088B90A /* FMDB.h */ = {isa = PBXFileReference; fileEncoding = 4; lastKnownFileType = sourcecode.c.h; path = FMDB.h; sourceTree = "<group>"; };
		4B79144B1CD1DE1A0088B90A /* FMResultSet.h */ = {isa = PBXFileReference; fileEncoding = 4; lastKnownFileType = sourcecode.c.h; path = FMResultSet.h; sourceTree = "<group>"; };
		4B79144C1CD1DE1A0088B90A /* FMResultSet.m */ = {isa = PBXFileReference; fileEncoding = 4; lastKnownFileType = sourcecode.c.objc; path = FMResultSet.m; sourceTree = "<group>"; };
		4B79144D1CD1DE1A0088B90A /* Info.plist */ = {isa = PBXFileReference; fileEncoding = 4; lastKnownFileType = text.plist.xml; path = Info.plist; sourceTree = "<group>"; };
		4B79144E1CD1DE1A0088B90A /* WZXModel.h */ = {isa = PBXFileReference; fileEncoding = 4; lastKnownFileType = sourcecode.c.h; path = WZXModel.h; sourceTree = "<group>"; };
		4B79144F1CD1DE1A0088B90A /* WZXModel.m */ = {isa = PBXFileReference; fileEncoding = 4; lastKnownFileType = sourcecode.c.objc; path = WZXModel.m; sourceTree = "<group>"; };
		4B999D531CD08CDA00B51836 /* PersonModel.h */ = {isa = PBXFileReference; fileEncoding = 4; lastKnownFileType = sourcecode.c.h; path = PersonModel.h; sourceTree = "<group>"; };
		4B999D541CD08CDA00B51836 /* PersonModel.m */ = {isa = PBXFileReference; fileEncoding = 4; lastKnownFileType = sourcecode.c.objc; path = PersonModel.m; sourceTree = "<group>"; };
		4B999D561CD08D3400B51836 /* libsqlite3.tbd */ = {isa = PBXFileReference; lastKnownFileType = "sourcecode.text-based-dylib-definition"; name = libsqlite3.tbd; path = usr/lib/libsqlite3.tbd; sourceTree = SDKROOT; };
		4BF696C01CD065C800531F10 /* DataManager.app */ = {isa = PBXFileReference; explicitFileType = wrapper.application; includeInIndex = 0; path = DataManager.app; sourceTree = BUILT_PRODUCTS_DIR; };
		4BF696C41CD065C800531F10 /* main.m */ = {isa = PBXFileReference; lastKnownFileType = sourcecode.c.objc; path = main.m; sourceTree = "<group>"; };
		4BF696C61CD065C800531F10 /* AppDelegate.h */ = {isa = PBXFileReference; lastKnownFileType = sourcecode.c.h; path = AppDelegate.h; sourceTree = "<group>"; };
		4BF696C71CD065C800531F10 /* AppDelegate.m */ = {isa = PBXFileReference; lastKnownFileType = sourcecode.c.objc; path = AppDelegate.m; sourceTree = "<group>"; };
		4BF696C91CD065C800531F10 /* ViewController.h */ = {isa = PBXFileReference; lastKnownFileType = sourcecode.c.h; path = ViewController.h; sourceTree = "<group>"; };
		4BF696CA1CD065C800531F10 /* ViewController.m */ = {isa = PBXFileReference; lastKnownFileType = sourcecode.c.objc; path = ViewController.m; sourceTree = "<group>"; };
		4BF696CD1CD065C800531F10 /* Base */ = {isa = PBXFileReference; lastKnownFileType = file.storyboard; name = Base; path = Base.lproj/Main.storyboard; sourceTree = "<group>"; };
		4BF696CF1CD065C800531F10 /* Assets.xcassets */ = {isa = PBXFileReference; lastKnownFileType = folder.assetcatalog; path = Assets.xcassets; sourceTree = "<group>"; };
		4BF696D21CD065C800531F10 /* Base */ = {isa = PBXFileReference; lastKnownFileType = file.storyboard; name = Base; path = Base.lproj/LaunchScreen.storyboard; sourceTree = "<group>"; };
		4BF696D41CD065C800531F10 /* Info.plist */ = {isa = PBXFileReference; lastKnownFileType = text.plist.xml; path = Info.plist; sourceTree = "<group>"; };
		4BF696D91CD065C800531F10 /* DataManagerTests.xctest */ = {isa = PBXFileReference; explicitFileType = wrapper.cfbundle; includeInIndex = 0; path = DataManagerTests.xctest; sourceTree = BUILT_PRODUCTS_DIR; };
		4BF696DD1CD065C800531F10 /* DataManagerTests.m */ = {isa = PBXFileReference; lastKnownFileType = sourcecode.c.objc; path = DataManagerTests.m; sourceTree = "<group>"; };
		4BF696DF1CD065C800531F10 /* Info.plist */ = {isa = PBXFileReference; lastKnownFileType = text.plist.xml; path = Info.plist; sourceTree = "<group>"; };
		4BF696E41CD065C800531F10 /* DataManagerUITests.xctest */ = {isa = PBXFileReference; explicitFileType = wrapper.cfbundle; includeInIndex = 0; path = DataManagerUITests.xctest; sourceTree = BUILT_PRODUCTS_DIR; };
		4BF696E81CD065C800531F10 /* DataManagerUITests.m */ = {isa = PBXFileReference; lastKnownFileType = sourcecode.c.objc; path = DataManagerUITests.m; sourceTree = "<group>"; };
		4BF696EA1CD065C800531F10 /* Info.plist */ = {isa = PBXFileReference; lastKnownFileType = text.plist.xml; path = Info.plist; sourceTree = "<group>"; };
/* End PBXFileReference section */

/* Begin PBXFrameworksBuildPhase section */
		4BF696BD1CD065C800531F10 /* Frameworks */ = {
			isa = PBXFrameworksBuildPhase;
			buildActionMask = 2147483647;
			files = (
				4B999D571CD08D3400B51836 /* libsqlite3.tbd in Frameworks */,
			);
			runOnlyForDeploymentPostprocessing = 0;
		};
		4BF696D61CD065C800531F10 /* Frameworks */ = {
			isa = PBXFrameworksBuildPhase;
			buildActionMask = 2147483647;
			files = (
			);
			runOnlyForDeploymentPostprocessing = 0;
		};
		4BF696E11CD065C800531F10 /* Frameworks */ = {
			isa = PBXFrameworksBuildPhase;
			buildActionMask = 2147483647;
			files = (
			);
			runOnlyForDeploymentPostprocessing = 0;
		};
/* End PBXFrameworksBuildPhase section */

/* Begin PBXGroup section */
		4B79143E1CD1DE1A0088B90A /* WZXDataManager */ = {
			isa = PBXGroup;
			children = (
				4B79143F1CD1DE1A0088B90A /* DataManager.h */,
				4B7914401CD1DE1A0088B90A /* DataManager.m */,
				4B7914411CD1DE1A0088B90A /* fmdb */,
				4B79144E1CD1DE1A0088B90A /* WZXModel.h */,
				4B79144F1CD1DE1A0088B90A /* WZXModel.m */,
			);
			path = WZXDataManager;
			sourceTree = "<group>";
		};
		4B7914411CD1DE1A0088B90A /* fmdb */ = {
			isa = PBXGroup;
			children = (
				4B7914421CD1DE1A0088B90A /* FMDatabase.h */,
				4B7914431CD1DE1A0088B90A /* FMDatabase.m */,
				4B7914441CD1DE1A0088B90A /* FMDatabaseAdditions.h */,
				4B7914451CD1DE1A0088B90A /* FMDatabaseAdditions.m */,
				4B7914461CD1DE1A0088B90A /* FMDatabasePool.h */,
				4B7914471CD1DE1A0088B90A /* FMDatabasePool.m */,
				4B7914481CD1DE1A0088B90A /* FMDatabaseQueue.h */,
				4B7914491CD1DE1A0088B90A /* FMDatabaseQueue.m */,
				4B79144A1CD1DE1A0088B90A /* FMDB.h */,
				4B79144B1CD1DE1A0088B90A /* FMResultSet.h */,
				4B79144C1CD1DE1A0088B90A /* FMResultSet.m */,
				4B79144D1CD1DE1A0088B90A /* Info.plist */,
			);
			path = fmdb;
			sourceTree = "<group>";
		};
		4BF696B71CD065C800531F10 = {
			isa = PBXGroup;
			children = (
				4B999D561CD08D3400B51836 /* libsqlite3.tbd */,
				4BF696C21CD065C800531F10 /* DataManager */,
				4BF696DC1CD065C800531F10 /* DataManagerTests */,
				4BF696E71CD065C800531F10 /* DataManagerUITests */,
				4BF696C11CD065C800531F10 /* Products */,
			);
			sourceTree = "<group>";
		};
		4BF696C11CD065C800531F10 /* Products */ = {
			isa = PBXGroup;
			children = (
				4BF696C01CD065C800531F10 /* DataManager.app */,
				4BF696D91CD065C800531F10 /* DataManagerTests.xctest */,
				4BF696E41CD065C800531F10 /* DataManagerUITests.xctest */,
			);
			name = Products;
			sourceTree = "<group>";
		};
		4BF696C21CD065C800531F10 /* DataManager */ = {
			isa = PBXGroup;
			children = (
				4B79143E1CD1DE1A0088B90A /* WZXDataManager */,
				4B999D531CD08CDA00B51836 /* PersonModel.h */,
				4B999D541CD08CDA00B51836 /* PersonModel.m */,
				4BF696C61CD065C800531F10 /* AppDelegate.h */,
				4BF696C71CD065C800531F10 /* AppDelegate.m */,
				4BF696C91CD065C800531F10 /* ViewController.h */,
				4BF696CA1CD065C800531F10 /* ViewController.m */,
				4BF696CC1CD065C800531F10 /* Main.storyboard */,
				4BF696CF1CD065C800531F10 /* Assets.xcassets */,
				4BF696D11CD065C800531F10 /* LaunchScreen.storyboard */,
				4BF696D41CD065C800531F10 /* Info.plist */,
				4BF696C31CD065C800531F10 /* Supporting Files */,
			);
			path = DataManager;
			sourceTree = "<group>";
		};
		4BF696C31CD065C800531F10 /* Supporting Files */ = {
			isa = PBXGroup;
			children = (
				4BF696C41CD065C800531F10 /* main.m */,
			);
			name = "Supporting Files";
			sourceTree = "<group>";
		};
		4BF696DC1CD065C800531F10 /* DataManagerTests */ = {
			isa = PBXGroup;
			children = (
				4BF696DD1CD065C800531F10 /* DataManagerTests.m */,
				4BF696DF1CD065C800531F10 /* Info.plist */,
			);
			path = DataManagerTests;
			sourceTree = "<group>";
		};
		4BF696E71CD065C800531F10 /* DataManagerUITests */ = {
			isa = PBXGroup;
			children = (
				4BF696E81CD065C800531F10 /* DataManagerUITests.m */,
				4BF696EA1CD065C800531F10 /* Info.plist */,
			);
			path = DataManagerUITests;
			sourceTree = "<group>";
		};
/* End PBXGroup section */

/* Begin PBXNativeTarget section */
		4BF696BF1CD065C800531F10 /* DataManager */ = {
			isa = PBXNativeTarget;
			buildConfigurationList = 4BF696ED1CD065C800531F10 /* Build configuration list for PBXNativeTarget "DataManager" */;
			buildPhases = (
				4BF696BC1CD065C800531F10 /* Sources */,
				4BF696BD1CD065C800531F10 /* Frameworks */,
				4BF696BE1CD065C800531F10 /* Resources */,
			);
			buildRules = (
			);
			dependencies = (
			);
			name = DataManager;
			productName = DataManager;
			productReference = 4BF696C01CD065C800531F10 /* DataManager.app */;
			productType = "com.apple.product-type.application";
		};
		4BF696D81CD065C800531F10 /* DataManagerTests */ = {
			isa = PBXNativeTarget;
			buildConfigurationList = 4BF696F01CD065C800531F10 /* Build configuration list for PBXNativeTarget "DataManagerTests" */;
			buildPhases = (
				4BF696D51CD065C800531F10 /* Sources */,
				4BF696D61CD065C800531F10 /* Frameworks */,
				4BF696D71CD065C800531F10 /* Resources */,
			);
			buildRules = (
			);
			dependencies = (
				4BF696DB1CD065C800531F10 /* PBXTargetDependency */,
			);
			name = DataManagerTests;
			productName = DataManagerTests;
			productReference = 4BF696D91CD065C800531F10 /* DataManagerTests.xctest */;
			productType = "com.apple.product-type.bundle.unit-test";
		};
		4BF696E31CD065C800531F10 /* DataManagerUITests */ = {
			isa = PBXNativeTarget;
			buildConfigurationList = 4BF696F31CD065C800531F10 /* Build configuration list for PBXNativeTarget "DataManagerUITests" */;
			buildPhases = (
				4BF696E01CD065C800531F10 /* Sources */,
				4BF696E11CD065C800531F10 /* Frameworks */,
				4BF696E21CD065C800531F10 /* Resources */,
			);
			buildRules = (
			);
			dependencies = (
				4BF696E61CD065C800531F10 /* PBXTargetDependency */,
			);
			name = DataManagerUITests;
			productName = DataManagerUITests;
			productReference = 4BF696E41CD065C800531F10 /* DataManagerUITests.xctest */;
			productType = "com.apple.product-type.bundle.ui-testing";
		};
/* End PBXNativeTarget section */

/* Begin PBXProject section */
		4BF696B81CD065C800531F10 /* Project object */ = {
			isa = PBXProject;
			attributes = {
				LastUpgradeCheck = 0720;
				ORGANIZATIONNAME = wzx;
				TargetAttributes = {
					4BF696BF1CD065C800531F10 = {
						CreatedOnToolsVersion = 7.2;
					};
					4BF696D81CD065C800531F10 = {
						CreatedOnToolsVersion = 7.2;
						TestTargetID = 4BF696BF1CD065C800531F10;
					};
					4BF696E31CD065C800531F10 = {
						CreatedOnToolsVersion = 7.2;
						TestTargetID = 4BF696BF1CD065C800531F10;
					};
				};
			};
			buildConfigurationList = 4BF696BB1CD065C800531F10 /* Build configuration list for PBXProject "DataManager" */;
			compatibilityVersion = "Xcode 3.2";
			developmentRegion = English;
			hasScannedForEncodings = 0;
			knownRegions = (
				en,
				Base,
			);
			mainGroup = 4BF696B71CD065C800531F10;
			productRefGroup = 4BF696C11CD065C800531F10 /* Products */;
			projectDirPath = "";
			projectRoot = "";
			targets = (
				4BF696BF1CD065C800531F10 /* DataManager */,
				4BF696D81CD065C800531F10 /* DataManagerTests */,
				4BF696E31CD065C800531F10 /* DataManagerUITests */,
			);
		};
/* End PBXProject section */

/* Begin PBXResourcesBuildPhase section */
		4BF696BE1CD065C800531F10 /* Resources */ = {
			isa = PBXResourcesBuildPhase;
			buildActionMask = 2147483647;
			files = (
				4B7914561CD1DE1A0088B90A /* Info.plist in Resources */,
				4BF696D31CD065C800531F10 /* LaunchScreen.storyboard in Resources */,
				4BF696D01CD065C800531F10 /* Assets.xcassets in Resources */,
				4BF696CE1CD065C800531F10 /* Main.storyboard in Resources */,
			);
			runOnlyForDeploymentPostprocessing = 0;
		};
		4BF696D71CD065C800531F10 /* Resources */ = {
			isa = PBXResourcesBuildPhase;
			buildActionMask = 2147483647;
			files = (
			);
			runOnlyForDeploymentPostprocessing = 0;
		};
		4BF696E21CD065C800531F10 /* Resources */ = {
			isa = PBXResourcesBuildPhase;
			buildActionMask = 2147483647;
			files = (
			);
			runOnlyForDeploymentPostprocessing = 0;
		};
/* End PBXResourcesBuildPhase section */

/* Begin PBXSourcesBuildPhase section */
		4BF696BC1CD065C800531F10 /* Sources */ = {
			isa = PBXSourcesBuildPhase;
			buildActionMask = 2147483647;
			files = (
				4BF696CB1CD065C800531F10 /* ViewController.m in Sources */,
				4B7914501CD1DE1A0088B90A /* DataManager.m in Sources */,
				4B999D551CD08CDA00B51836 /* PersonModel.m in Sources */,
				4B7914511CD1DE1A0088B90A /* FMDatabase.m in Sources */,
				4B7914551CD1DE1A0088B90A /* FMResultSet.m in Sources */,
				4BF696C81CD065C800531F10 /* AppDelegate.m in Sources */,
				4B7914531CD1DE1A0088B90A /* FMDatabasePool.m in Sources */,
				4B7914571CD1DE1A0088B90A /* WZXModel.m in Sources */,
				4B7914521CD1DE1A0088B90A /* FMDatabaseAdditions.m in Sources */,
				4BF696C51CD065C800531F10 /* main.m in Sources */,
				4B7914541CD1DE1A0088B90A /* FMDatabaseQueue.m in Sources */,
			);
			runOnlyForDeploymentPostprocessing = 0;
		};
		4BF696D51CD065C800531F10 /* Sources */ = {
			isa = PBXSourcesBuildPhase;
			buildActionMask = 2147483647;
			files = (
				4BF696DE1CD065C800531F10 /* DataManagerTests.m in Sources */,
			);
			runOnlyForDeploymentPostprocessing = 0;
		};
		4BF696E01CD065C800531F10 /* Sources */ = {
			isa = PBXSourcesBuildPhase;
			buildActionMask = 2147483647;
			files = (
				4BF696E91CD065C800531F10 /* DataManagerUITests.m in Sources */,
			);
			runOnlyForDeploymentPostprocessing = 0;
		};
/* End PBXSourcesBuildPhase section */

/* Begin PBXTargetDependency section */
		4BF696DB1CD065C800531F10 /* PBXTargetDependency */ = {
			isa = PBXTargetDependency;
			target = 4BF696BF1CD065C800531F10 /* DataManager */;
			targetProxy = 4BF696DA1CD065C800531F10 /* PBXContainerItemProxy */;
		};
		4BF696E61CD065C800531F10 /* PBXTargetDependency */ = {
			isa = PBXTargetDependency;
			target = 4BF696BF1CD065C800531F10 /* DataManager */;
			targetProxy = 4BF696E51CD065C800531F10 /* PBXContainerItemProxy */;
		};
/* End PBXTargetDependency section */

/* Begin PBXVariantGroup section */
		4BF696CC1CD065C800531F10 /* Main.storyboard */ = {
			isa = PBXVariantGroup;
			children = (
				4BF696CD1CD065C800531F10 /* Base */,
			);
			name = Main.storyboard;
			sourceTree = "<group>";
		};
		4BF696D11CD065C800531F10 /* LaunchScreen.storyboard */ = {
			isa = PBXVariantGroup;
			children = (
				4BF696D21CD065C800531F10 /* Base */,
			);
			name = LaunchScreen.storyboard;
			sourceTree = "<group>";
		};
/* End PBXVariantGroup section */

/* Begin XCBuildConfiguration section */
		4BF696EB1CD065C800531F10 /* Debug */ = {
			isa = XCBuildConfiguration;
			buildSettings = {
				ALWAYS_SEARCH_USER_PATHS = NO;
				CLANG_CXX_LANGUAGE_STANDARD = "gnu++0x";
				CLANG_CXX_LIBRARY = "libc++";
				CLANG_ENABLE_MODULES = YES;
				CLANG_ENABLE_OBJC_ARC = YES;
				CLANG_WARN_BOOL_CONVERSION = YES;
				CLANG_WARN_CONSTANT_CONVERSION = YES;
				CLANG_WARN_DIRECT_OBJC_ISA_USAGE = YES_ERROR;
				CLANG_WARN_EMPTY_BODY = YES;
				CLANG_WARN_ENUM_CONVERSION = YES;
				CLANG_WARN_INT_CONVERSION = YES;
				CLANG_WARN_OBJC_ROOT_CLASS = YES_ERROR;
				CLANG_WARN_UNREACHABLE_CODE = YES;
				CLANG_WARN__DUPLICATE_METHOD_MATCH = YES;
				"CODE_SIGN_IDENTITY[sdk=iphoneos*]" = "iPhone Developer";
				COPY_PHASE_STRIP = NO;
				DEBUG_INFORMATION_FORMAT = dwarf;
				ENABLE_STRICT_OBJC_MSGSEND = YES;
				ENABLE_TESTABILITY = YES;
				GCC_C_LANGUAGE_STANDARD = gnu99;
				GCC_DYNAMIC_NO_PIC = NO;
				GCC_NO_COMMON_BLOCKS = YES;
				GCC_OPTIMIZATION_LEVEL = 0;
				GCC_PREPROCESSOR_DEFINITIONS = (
					"DEBUG=1",
					"$(inherited)",
				);
				GCC_WARN_64_TO_32_BIT_CONVERSION = YES;
				GCC_WARN_ABOUT_RETURN_TYPE = YES_ERROR;
				GCC_WARN_UNDECLARED_SELECTOR = YES;
				GCC_WARN_UNINITIALIZED_AUTOS = YES_AGGRESSIVE;
				GCC_WARN_UNUSED_FUNCTION = YES;
				GCC_WARN_UNUSED_VARIABLE = YES;
				IPHONEOS_DEPLOYMENT_TARGET = 9.2;
				MTL_ENABLE_DEBUG_INFO = YES;
				ONLY_ACTIVE_ARCH = YES;
				SDKROOT = iphoneos;
			};
			name = Debug;
		};
		4BF696EC1CD065C800531F10 /* Release */ = {
			isa = XCBuildConfiguration;
			buildSettings = {
				ALWAYS_SEARCH_USER_PATHS = NO;
				CLANG_CXX_LANGUAGE_STANDARD = "gnu++0x";
				CLANG_CXX_LIBRARY = "libc++";
				CLANG_ENABLE_MODULES = YES;
				CLANG_ENABLE_OBJC_ARC = YES;
				CLANG_WARN_BOOL_CONVERSION = YES;
				CLANG_WARN_CONSTANT_CONVERSION = YES;
				CLANG_WARN_DIRECT_OBJC_ISA_USAGE = YES_ERROR;
				CLANG_WARN_EMPTY_BODY = YES;
				CLANG_WARN_ENUM_CONVERSION = YES;
				CLANG_WARN_INT_CONVERSION = YES;
				CLANG_WARN_OBJC_ROOT_CLASS = YES_ERROR;
				CLANG_WARN_UNREACHABLE_CODE = YES;
				CLANG_WARN__DUPLICATE_METHOD_MATCH = YES;
				"CODE_SIGN_IDENTITY[sdk=iphoneos*]" = "iPhone Developer";
				COPY_PHASE_STRIP = NO;
				DEBUG_INFORMATION_FORMAT = "dwarf-with-dsym";
				ENABLE_NS_ASSERTIONS = NO;
				ENABLE_STRICT_OBJC_MSGSEND = YES;
				GCC_C_LANGUAGE_STANDARD = gnu99;
				GCC_NO_COMMON_BLOCKS = YES;
				GCC_WARN_64_TO_32_BIT_CONVERSION = YES;
				GCC_WARN_ABOUT_RETURN_TYPE = YES_ERROR;
				GCC_WARN_UNDECLARED_SELECTOR = YES;
				GCC_WARN_UNINITIALIZED_AUTOS = YES_AGGRESSIVE;
				GCC_WARN_UNUSED_FUNCTION = YES;
				GCC_WARN_UNUSED_VARIABLE = YES;
				IPHONEOS_DEPLOYMENT_TARGET = 9.2;
				MTL_ENABLE_DEBUG_INFO = NO;
				SDKROOT = iphoneos;
				VALIDATE_PRODUCT = YES;
			};
			name = Release;
		};
		4BF696EE1CD065C800531F10 /* Debug */ = {
			isa = XCBuildConfiguration;
			buildSettings = {
				ASSETCATALOG_COMPILER_APPICON_NAME = AppIcon;
				INFOPLIST_FILE = DataManager/Info.plist;
				LD_RUNPATH_SEARCH_PATHS = "$(inherited) @executable_path/Frameworks";
				PRODUCT_BUNDLE_IDENTIFIER = Null.DataManager;
				PRODUCT_NAME = "$(TARGET_NAME)";
			};
			name = Debug;
		};
		4BF696EF1CD065C800531F10 /* Release */ = {
			isa = XCBuildConfiguration;
			buildSettings = {
				ASSETCATALOG_COMPILER_APPICON_NAME = AppIcon;
				INFOPLIST_FILE = DataManager/Info.plist;
				LD_RUNPATH_SEARCH_PATHS = "$(inherited) @executable_path/Frameworks";
				PRODUCT_BUNDLE_IDENTIFIER = Null.DataManager;
				PRODUCT_NAME = "$(TARGET_NAME)";
			};
			name = Release;
		};
		4BF696F11CD065C800531F10 /* Debug */ = {
			isa = XCBuildConfiguration;
			buildSettings = {
				BUNDLE_LOADER = "$(TEST_HOST)";
				INFOPLIST_FILE = DataManagerTests/Info.plist;
				LD_RUNPATH_SEARCH_PATHS = "$(inherited) @executable_path/Frameworks @loader_path/Frameworks";
				PRODUCT_BUNDLE_IDENTIFIER = Null.DataManagerTests;
				PRODUCT_NAME = "$(TARGET_NAME)";
				TEST_HOST = "$(BUILT_PRODUCTS_DIR)/DataManager.app/DataManager";
			};
			name = Debug;
		};
		4BF696F21CD065C800531F10 /* Release */ = {
			isa = XCBuildConfiguration;
			buildSettings = {
				BUNDLE_LOADER = "$(TEST_HOST)";
				INFOPLIST_FILE = DataManagerTests/Info.plist;
				LD_RUNPATH_SEARCH_PATHS = "$(inherited) @executable_path/Frameworks @loader_path/Frameworks";
				PRODUCT_BUNDLE_IDENTIFIER = Null.DataManagerTests;
				PRODUCT_NAME = "$(TARGET_NAME)";
				TEST_HOST = "$(BUILT_PRODUCTS_DIR)/DataManager.app/DataManager";
			};
			name = Release;
		};
		4BF696F41CD065C800531F10 /* Debug */ = {
			isa = XCBuildConfiguration;
			buildSettings = {
				INFOPLIST_FILE = DataManagerUITests/Info.plist;
				LD_RUNPATH_SEARCH_PATHS = "$(inherited) @executable_path/Frameworks @loader_path/Frameworks";
				PRODUCT_BUNDLE_IDENTIFIER = Null.DataManagerUITests;
				PRODUCT_NAME = "$(TARGET_NAME)";
				TEST_TARGET_NAME = DataManager;
				USES_XCTRUNNER = YES;
			};
			name = Debug;
		};
		4BF696F51CD065C800531F10 /* Release */ = {
			isa = XCBuildConfiguration;
			buildSettings = {
				INFOPLIST_FILE = DataManagerUITests/Info.plist;
				LD_RUNPATH_SEARCH_PATHS = "$(inherited) @executable_path/Frameworks @loader_path/Frameworks";
				PRODUCT_BUNDLE_IDENTIFIER = Null.DataManagerUITests;
				PRODUCT_NAME = "$(TARGET_NAME)";
				TEST_TARGET_NAME = DataManager;
				USES_XCTRUNNER = YES;
			};
			name = Release;
		};
/* End XCBuildConfiguration section */

/* Begin XCConfigurationList section */
		4BF696BB1CD065C800531F10 /* Build configuration list for PBXProject "DataManager" */ = {
			isa = XCConfigurationList;
			buildConfigurations = (
				4BF696EB1CD065C800531F10 /* Debug */,
				4BF696EC1CD065C800531F10 /* Release */,
			);
			defaultConfigurationIsVisible = 0;
			defaultConfigurationName = Release;
		};
		4BF696ED1CD065C800531F10 /* Build configuration list for PBXNativeTarget "DataManager" */ = {
			isa = XCConfigurationList;
			buildConfigurations = (
				4BF696EE1CD065C800531F10 /* Debug */,
				4BF696EF1CD065C800531F10 /* Release */,
			);
			defaultConfigurationIsVisible = 0;
			defaultConfigurationName = Release;
		};
		4BF696F01CD065C800531F10 /* Build configuration list for PBXNativeTarget "DataManagerTests" */ = {
			isa = XCConfigurationList;
			buildConfigurations = (
				4BF696F11CD065C800531F10 /* Debug */,
				4BF696F21CD065C800531F10 /* Release */,
			);
			defaultConfigurationIsVisible = 0;
			defaultConfigurationName = Release;
		};
		4BF696F31CD065C800531F10 /* Build configuration list for PBXNativeTarget "DataManagerUITests" */ = {
			isa = XCConfigurationList;
			buildConfigurations = (
				4BF696F41CD065C800531F10 /* Debug */,
				4BF696F51CD065C800531F10 /* Release */,
			);
			defaultConfigurationIsVisible = 0;
			defaultConfigurationName = Release;
		};
/* End XCConfigurationList section */
	};
	rootObject = 4BF696B81CD065C800531F10 /* Project object */;
}
